
Microsoft Visual Studio Solution File, Format Version 12.00
# Visual Studio Version 17
VisualStudioVersion = 17.14.36127.28 d17.14
MinimumVisualStudioVersion = 10.0.40219.1
Project("{FAE04EC0-301F-11D3-BF4B-00C04F79EFBC}") = "Consulta_Medica", "Consulta_Medica\Consulta_Medica.csproj", "{DEDA6C16-3594-4960-A504-66D94A7DBF02}"
EndProject
Global
	GlobalSection(SolutionConfigurationPlatforms) = preSolution
		Debug|Any CPU = Debug|Any CPU
		Release|Any CPU = Release|Any CPU
	EndGlobalSection
	GlobalSection(ProjectConfigurationPlatforms) = postSolution
		{DEDA6C16-3594-4960-A504-66D94A7DBF02}.Debug|Any CPU.ActiveCfg = Debug|Any CPU
		{DEDA6C16-3594-4960-A504-66D94A7DBF02}.Debug|Any CPU.Build.0 = Debug|Any CPU
		{DEDA6C16-3594-4960-A504-66D94A7DBF02}.Release|Any CPU.ActiveCfg = Release|Any CPU
		{DEDA6C16-3594-4960-A504-66D94A7DBF02}.Release|Any CPU.Build.0 = Release|Any CPU
	EndGlobalSection
	GlobalSection(SolutionProperties) = preSolution
		HideSolutionNode = FALSE
	EndGlobalSection
	GlobalSection(ExtensibilityGlobals) = postSolution
		SolutionGuid = {508720C6-CBD2-4A88-9AA3-4E581006C4D2}
	EndGlobalSection
EndGlobal
